
Microsoft Visual Studio Solution File, Format Version 12.00
# Visual Studio 15
VisualStudioVersion = 15.0.27004.2010
MinimumVisualStudioVersion = 10.0.40219.1
Project("{FAE04EC0-301F-11D3-BF4B-00C04F79EFBC}") = "DemoConsole", "DemoConsole\DemoConsole.csproj", "{6FC2458A-A864-4C9B-AFDC-972A1DCB92FB}"
EndProject
Project("{FAE04EC0-301F-11D3-BF4B-00C04F79EFBC}") = "ExistingDbMVCWebApplication", "ExistingDbMVCWebApplication\ExistingDbMVCWebApplication.csproj", "{3E9A3DB7-27F3-4C17-B786-00D4B6ACEFA0}"
EndProject
Global
	GlobalSection(SolutionConfigurationPlatforms) = preSolution
		Debug|Any CPU = Debug|Any CPU
		Release|Any CPU = Release|Any CPU
	EndGlobalSection
	GlobalSection(ProjectConfigurationPlatforms) = postSolution
		{6FC2458A-A864-4C9B-AFDC-972A1DCB92FB}.Debug|Any CPU.ActiveCfg = Debug|Any CPU
		{6FC2458A-A864-4C9B-AFDC-972A1DCB92FB}.Debug|Any CPU.Build.0 = Debug|Any CPU
		{6FC2458A-A864-4C9B-AFDC-972A1DCB92FB}.Release|Any CPU.ActiveCfg = Release|Any CPU
		{6FC2458A-A864-4C9B-AFDC-972A1DCB92FB}.Release|Any CPU.Build.0 = Release|Any CPU
		{3E9A3DB7-27F3-4C17-B786-00D4B6ACEFA0}.Debug|Any CPU.ActiveCfg = Debug|Any CPU
		{3E9A3DB7-27F3-4C17-B786-00D4B6ACEFA0}.Debug|Any CPU.Build.0 = Debug|Any CPU
		{3E9A3DB7-27F3-4C17-B786-00D4B6ACEFA0}.Release|Any CPU.ActiveCfg = Release|Any CPU
		{3E9A3DB7-27F3-4C17-B786-00D4B6ACEFA0}.Release|Any CPU.Build.0 = Release|Any CPU
	EndGlobalSection
	GlobalSection(SolutionProperties) = preSolution
		HideSolutionNode = FALSE
	EndGlobalSection
	GlobalSection(ExtensibilityGlobals) = postSolution
		SolutionGuid = {FA24AD94-27A4-4547-A9EA-884D38694FAC}
	EndGlobalSection
EndGlobal
